{
  "lockfileVersion": 1,
  "configVersion": 1,
  "workspaces": {
    "": {
      "name": "app",
      "dependencies": {
        "@elysiajs/cookie": "^0.8.0",
        "@elysiajs/jwt": "^1.4.0",
        "@elysiajs/swagger": "^1.3.1",
        "bcryptjs": "^3.0.3",
        "dotenv": "^17.2.3",
        "elysia": "latest",
        "nodemailer": "^7.0.11",
        "resend": "^6.5.2",
      },
      "devDependencies": {
        "@prisma/client": "5",
        "@types/bcryptjs": "^3.0.0",
        "@types/nodemailer": "^7.0.4",
        "bun-types": "latest",
        "prisma": "5",
      },
    },
  },
  "packages": {
    "@aws-crypto/sha256-browser": ["@aws-crypto/sha256-browser@5.2.0", "", { "dependencies": { "@aws-crypto/sha256-js": "^5.2.0", "@aws-crypto/supports-web-crypto": "^5.2.0", "@aws-crypto/util": "^5.2.0", "@aws-sdk/types": "^3.222.0", "@aws-sdk/util-locate-window": "^3.0.0", "@smithy/util-utf8": "^2.0.0", "tslib": "^2.6.2" } }, "sha512-AXfN/lGotSQwu6HNcEsIASo7kWXZ5HYWvfOmSNKDsEqC4OashTp8alTmaz+F7TC2L083SFv5RdB+qU3Vs1kZqw=="],

    "@aws-crypto/sha256-js": ["@aws-crypto/sha256-js@5.2.0", "", { "dependencies": { "@aws-crypto/util": "^5.2.0", "@aws-sdk/types": "^3.222.0", "tslib": "^2.6.2" } }, "sha512-FFQQyu7edu4ufvIZ+OadFpHHOt+eSTBaYaki44c+akjg7qZg9oOQeLlk77F6tSYqjDAFClrHJk9tMf0HdVyOvA=="],

    "@aws-crypto/supports-web-crypto": ["@aws-crypto/supports-web-crypto@5.2.0", "", { "dependencies": { "tslib": "^2.6.2" } }, "sha512-iAvUotm021kM33eCdNfwIN//F77/IADDSs58i+MDaOqFrVjZo9bAal0NK7HurRuWLLpF1iLX7gbWrjHjeo+YFg=="],

    "@aws-crypto/util": ["@aws-crypto/util@5.2.0", "", { "dependencies": { "@aws-sdk/types": "^3.222.0", "@smithy/util-utf8": "^2.0.0", "tslib": "^2.6.2" } }, "sha512-4RkU9EsI6ZpBve5fseQlGNUWKMa1RLPQ1dnjnQoe07ldfIzcsGb5hC5W0Dm7u423KWzawlrpbjXBrXCEv9zazQ=="],

    "@aws-sdk/client-sesv2": ["@aws-sdk/client-sesv2@3.940.0", "", { "dependencies": { "@aws-crypto/sha256-browser": "5.2.0", "@aws-crypto/sha256-js": "5.2.0", "@aws-sdk/core": "3.940.0", "@aws-sdk/credential-provider-node": "3.940.0", "@aws-sdk/middleware-host-header": "3.936.0", "@aws-sdk/middleware-logger": "3.936.0", "@aws-sdk/middleware-recursion-detection": "3.936.0", "@aws-sdk/middleware-user-agent": "3.940.0", "@aws-sdk/region-config-resolver": "3.936.0", "@aws-sdk/signature-v4-multi-region": "3.940.0", "@aws-sdk/types": "3.936.0", "@aws-sdk/util-endpoints": "3.936.0", "@aws-sdk/util-user-agent-browser": "3.936.0", "@aws-sdk/util-user-agent-node": "3.940.0", "@smithy/config-resolver": "^4.4.3", "@smithy/core": "^3.18.5", "@smithy/fetch-http-handler": "^5.3.6", "@smithy/hash-node": "^4.2.5", "@smithy/invalid-dependency": "^4.2.5", "@smithy/middleware-content-length": "^4.2.5", "@smithy/middleware-endpoint": "^4.3.12", "@smithy/middleware-retry": "^4.4.12", "@smithy/middleware-serde": "^4.2.6", "@smithy/middleware-stack": "^4.2.5", "@smithy/node-config-provider": "^4.3.5", "@smithy/node-http-handler": "^4.4.5", "@smithy/protocol-http": "^5.3.5", "@smithy/smithy-client": "^4.9.8", "@smithy/types": "^4.9.0", "@smithy/url-parser": "^4.2.5", "@smithy/util-base64": "^4.3.0", "@smithy/util-body-length-browser": "^4.2.0", "@smithy/util-body-length-node": "^4.2.1", "@smithy/util-defaults-mode-browser": "^4.3.11", "@smithy/util-defaults-mode-node": "^4.2.14", "@smithy/util-endpoints": "^3.2.5", "@smithy/util-middleware": "^4.2.5", "@smithy/util-retry": "^4.2.5", "@smithy/util-utf8": "^4.2.0", "tslib": "^2.6.2" } }, "sha512-jDQ4x2HwB2/UXBS7CTeSDiIb+sVsYGDyxTeXdrRAtqNdGv8kC54fbwokDiJ/mnMyB2gyXWw57BqeDJNkZuLmsw=="],

    "@aws-sdk/client-sso": ["@aws-sdk/client-sso@3.940.0", "", { "dependencies": { "@aws-crypto/sha256-browser": "5.2.0", "@aws-crypto/sha256-js": "5.2.0", "@aws-sdk/core": "3.940.0", "@aws-sdk/middleware-host-header": "3.936.0", "@aws-sdk/middleware-logger": "3.936.0", "@aws-sdk/middleware-recursion-detection": "3.936.0", "@aws-sdk/middleware-user-agent": "3.940.0", "@aws-sdk/region-config-resolver": "3.936.0", "@aws-sdk/types": "3.936.0", "@aws-sdk/util-endpoints": "3.936.0", "@aws-sdk/util-user-agent-browser": "3.936.0", "@aws-sdk/util-user-agent-node": "3.940.0", "@smithy/config-resolver": "^4.4.3", "@smithy/core": "^3.18.5", "@smithy/fetch-http-handler": "^5.3.6", "@smithy/hash-node": "^4.2.5", "@smithy/invalid-dependency": "^4.2.5", "@smithy/middleware-content-length": "^4.2.5", "@smithy/middleware-endpoint": "^4.3.12", "@smithy/middleware-retry": "^4.4.12", "@smithy/middleware-serde": "^4.2.6", "@smithy/middleware-stack": "^4.2.5", "@smithy/node-config-provider": "^4.3.5", "@smithy/node-http-handler": "^4.4.5", "@smithy/protocol-http": "^5.3.5", "@smithy/smithy-client": "^4.9.8", "@smithy/types": "^4.9.0", "@smithy/url-parser": "^4.2.5", "@smithy/util-base64": "^4.3.0", "@smithy/util-body-length-browser": "^4.2.0", "@smithy/util-body-length-node": "^4.2.1", "@smithy/util-defaults-mode-browser": "^4.3.11", "@smithy/util-defaults-mode-node": "^4.2.14", "@smithy/util-endpoints": "^3.2.5", "@smithy/util-middleware": "^4.2.5", "@smithy/util-retry": "^4.2.5", "@smithy/util-utf8": "^4.2.0", "tslib": "^2.6.2" } }, "sha512-SdqJGWVhmIURvCSgkDditHRO+ozubwZk9aCX9MK8qxyOndhobCndW1ozl3hX9psvMAo9Q4bppjuqy/GHWpjB+A=="],

    "@aws-sdk/core": ["@aws-sdk/core@3.940.0", "", { "dependencies": { "@aws-sdk/types": "3.936.0", "@aws-sdk/xml-builder": "3.930.0", "@smithy/core": "^3.18.5", "@smithy/node-config-provider": "^4.3.5", "@smithy/property-provider": "^4.2.5", "@smithy/protocol-http": "^5.3.5", "@smithy/signature-v4": "^5.3.5", "@smithy/smithy-client": "^4.9.8", "@smithy/types": "^4.9.0", "@smithy/util-base64": "^4.3.0", "@smithy/util-middleware": "^4.2.5", "@smithy/util-utf8": "^4.2.0", "tslib": "^2.6.2" } }, "sha512-KsGD2FLaX5ngJao1mHxodIVU9VYd1E8810fcYiGwO1PFHDzf5BEkp6D9IdMeQwT8Q6JLYtiiT1Y/o3UCScnGoA=="],

    "@aws-sdk/credential-provider-env": ["@aws-sdk/credential-provider-env@3.940.0", "", { "dependencies": { "@aws-sdk/core": "3.940.0", "@aws-sdk/types": "3.936.0", "@smithy/property-provider": "^4.2.5", "@smithy/types": "^4.9.0", "tslib": "^2.6.2" } }, "sha512-/G3l5/wbZYP2XEQiOoIkRJmlv15f1P3MSd1a0gz27lHEMrOJOGq66rF1Ca4OJLzapWt3Fy9BPrZAepoAX11kMw=="],

    "@aws-sdk/credential-provider-http": ["@aws-sdk/credential-provider-http@3.940.0", "", { "dependencies": { "@aws-sdk/core": "3.940.0", "@aws-sdk/types": "3.936.0", "@smithy/fetch-http-handler": "^5.3.6", "@smithy/node-http-handler": "^4.4.5", "@smithy/property-provider": "^4.2.5", "@smithy/protocol-http": "^5.3.5", "@smithy/smithy-client": "^4.9.8", "@smithy/types": "^4.9.0", "@smithy/util-stream": "^4.5.6", "tslib": "^2.6.2" } }, "sha512-dOrc03DHElNBD6N9Okt4U0zhrG4Wix5QUBSZPr5VN8SvmjD9dkrrxOkkJaMCl/bzrW7kbQEp7LuBdbxArMmOZQ=="],

    "@aws-sdk/credential-provider-ini": ["@aws-sdk/credential-provider-ini@3.940.0", "", { "dependencies": { "@aws-sdk/core": "3.940.0", "@aws-sdk/credential-provider-env": "3.940.0", "@aws-sdk/credential-provider-http": "3.940.0", "@aws-sdk/credential-provider-login": "3.940.0", "@aws-sdk/credential-provider-process": "3.940.0", "@aws-sdk/credential-provider-sso": "3.940.0", "@aws-sdk/credential-provider-web-identity": "3.940.0", "@aws-sdk/nested-clients": "3.940.0", "@aws-sdk/types": "3.936.0", "@smithy/credential-provider-imds": "^4.2.5", "@smithy/property-provider": "^4.2.5", "@smithy/shared-ini-file-loader": "^4.4.0", "@smithy/types": "^4.9.0", "tslib": "^2.6.2" } }, "sha512-gn7PJQEzb/cnInNFTOaDoCN/hOKqMejNmLof1W5VW95Qk0TPO52lH8R4RmJPnRrwFMswOWswTOpR1roKNLIrcw=="],

    "@aws-sdk/credential-provider-login": ["@aws-sdk/credential-provider-login@3.940.0", "", { "dependencies": { "@aws-sdk/core": "3.940.0", "@aws-sdk/nested-clients": "3.940.0", "@aws-sdk/types": "3.936.0", "@smithy/property-provider": "^4.2.5", "@smithy/protocol-http": "^5.3.5", "@smithy/shared-ini-file-loader": "^4.4.0", "@smithy/types": "^4.9.0", "tslib": "^2.6.2" } }, "sha512-fOKC3VZkwa9T2l2VFKWRtfHQPQuISqqNl35ZhcXjWKVwRwl/o7THPMkqI4XwgT2noGa7LLYVbWMwnsgSsBqglg=="],

    "@aws-sdk/credential-provider-node": ["@aws-sdk/credential-provider-node@3.940.0", "", { "dependencies": { "@aws-sdk/credential-provider-env": "3.940.0", "@aws-sdk/credential-provider-http": "3.940.0", "@aws-sdk/credential-provider-ini": "3.940.0", "@aws-sdk/credential-provider-process": "3.940.0", "@aws-sdk/credential-provider-sso": "3.940.0", "@aws-sdk/credential-provider-web-identity": "3.940.0", "@aws-sdk/types": "3.936.0", "@smithy/credential-provider-imds": "^4.2.5", "@smithy/property-provider": "^4.2.5", "@smithy/shared-ini-file-loader": "^4.4.0", "@smithy/types": "^4.9.0", "tslib": "^2.6.2" } }, "sha512-M8NFAvgvO6xZjiti5kztFiAYmSmSlG3eUfr4ZHSfXYZUA/KUdZU/D6xJyaLnU8cYRWBludb6K9XPKKVwKfqm4g=="],

    "@aws-sdk/credential-provider-process": ["@aws-sdk/credential-provider-process@3.940.0", "", { "dependencies": { "@aws-sdk/core": "3.940.0", "@aws-sdk/types": "3.936.0", "@smithy/property-provider": "^4.2.5", "@smithy/shared-ini-file-loader": "^4.4.0", "@smithy/types": "^4.9.0", "tslib": "^2.6.2" } }, "sha512-pILBzt5/TYCqRsJb7vZlxmRIe0/T+FZPeml417EK75060ajDGnVJjHcuVdLVIeKoTKm9gmJc9l45gon6PbHyUQ=="],

    "@aws-sdk/credential-provider-sso": ["@aws-sdk/credential-provider-sso@3.940.0", "", { "dependencies": { "@aws-sdk/client-sso": "3.940.0", "@aws-sdk/core": "3.940.0", "@aws-sdk/token-providers": "3.940.0", "@aws-sdk/types": "3.936.0", "@smithy/property-provider": "^4.2.5", "@smithy/shared-ini-file-loader": "^4.4.0", "@smithy/types": "^4.9.0", "tslib": "^2.6.2" } }, "sha512-q6JMHIkBlDCOMnA3RAzf8cGfup+8ukhhb50fNpghMs1SNBGhanmaMbZSgLigBRsPQW7fOk2l8jnzdVLS+BB9Uw=="],

    "@aws-sdk/credential-provider-web-identity": ["@aws-sdk/credential-provider-web-identity@3.940.0", "", { "dependencies": { "@aws-sdk/core": "3.940.0", "@aws-sdk/nested-clients": "3.940.0", "@aws-sdk/types": "3.936.0", "@smithy/property-provider": "^4.2.5", "@smithy/shared-ini-file-loader": "^4.4.0", "@smithy/types": "^4.9.0", "tslib": "^2.6.2" } }, "sha512-9QLTIkDJHHaYL0nyymO41H8g3ui1yz6Y3GmAN1gYQa6plXisuFBnGAbmKVj7zNvjWaOKdF0dV3dd3AFKEDoJ/w=="],

    "@aws-sdk/middleware-host-header": ["@aws-sdk/middleware-host-header@3.936.0", "", { "dependencies": { "@aws-sdk/types": "3.936.0", "@smithy/protocol-http": "^5.3.5", "@smithy/types": "^4.9.0", "tslib": "^2.6.2" } }, "sha512-tAaObaAnsP1XnLGndfkGWFuzrJYuk9W0b/nLvol66t8FZExIAf/WdkT2NNAWOYxljVs++oHnyHBCxIlaHrzSiw=="],

    "@aws-sdk/middleware-logger": ["@aws-sdk/middleware-logger@3.936.0", "", { "dependencies": { "@aws-sdk/types": "3.936.0", "@smithy/types": "^4.9.0", "tslib": "^2.6.2" } }, "sha512-aPSJ12d3a3Ea5nyEnLbijCaaYJT2QjQ9iW+zGh5QcZYXmOGWbKVyPSxmVOboZQG+c1M8t6d2O7tqrwzIq8L8qw=="],

    "@aws-sdk/middleware-recursion-detection": ["@aws-sdk/middleware-recursion-detection@3.936.0", "", { "dependencies": { "@aws-sdk/types": "3.936.0", "@aws/lambda-invoke-store": "^0.2.0", "@smithy/protocol-http": "^5.3.5", "@smithy/types": "^4.9.0", "tslib": "^2.6.2" } }, "sha512-l4aGbHpXM45YNgXggIux1HgsCVAvvBoqHPkqLnqMl9QVapfuSTjJHfDYDsx1Xxct6/m7qSMUzanBALhiaGO2fA=="],

    "@aws-sdk/middleware-sdk-s3": ["@aws-sdk/middleware-sdk-s3@3.940.0", "", { "dependencies": { "@aws-sdk/core": "3.940.0", "@aws-sdk/types": "3.936.0", "@aws-sdk/util-arn-parser": "3.893.0", "@smithy/core": "^3.18.5", "@smithy/node-config-provider": "^4.3.5", "@smithy/protocol-http": "^5.3.5", "@smithy/signature-v4": "^5.3.5", "@smithy/smithy-client": "^4.9.8", "@smithy/types": "^4.9.0", "@smithy/util-config-provider": "^4.2.0", "@smithy/util-middleware": "^4.2.5", "@smithy/util-stream": "^4.5.6", "@smithy/util-utf8": "^4.2.0", "tslib": "^2.6.2" } }, "sha512-JYkLjgS1wLoKHJ40G63+afM1ehmsPsjcmrHirKh8+kSCx4ip7+nL1e/twV4Zicxr8RJi9Y0Ahq5mDvneilDDKQ=="],

    "@aws-sdk/middleware-user-agent": ["@aws-sdk/middleware-user-agent@3.940.0", "", { "dependencies": { "@aws-sdk/core": "3.940.0", "@aws-sdk/types": "3.936.0", "@aws-sdk/util-endpoints": "3.936.0", "@smithy/core": "^3.18.5", "@smithy/protocol-http": "^5.3.5", "@smithy/types": "^4.9.0", "tslib": "^2.6.2" } }, "sha512-nJbLrUj6fY+l2W2rIB9P4Qvpiy0tnTdg/dmixRxrU1z3e8wBdspJlyE+AZN4fuVbeL6rrRrO/zxQC1bB3cw5IA=="],

    "@aws-sdk/nested-clients": ["@aws-sdk/nested-clients@3.940.0", "", { "dependencies": { "@aws-crypto/sha256-browser": "5.2.0", "@aws-crypto/sha256-js": "5.2.0", "@aws-sdk/core": "3.940.0", "@aws-sdk/middleware-host-header": "3.936.0", "@aws-sdk/middleware-logger": "3.936.0", "@aws-sdk/middleware-recursion-detection": "3.936.0", "@aws-sdk/middleware-user-agent": "3.940.0", "@aws-sdk/region-config-resolver": "3.936.0", "@aws-sdk/types": "3.936.0", "@aws-sdk/util-endpoints": "3.936.0", "@aws-sdk/util-user-agent-browser": "3.936.0", "@aws-sdk/util-user-agent-node": "3.940.0", "@smithy/config-resolver": "^4.4.3", "@smithy/core": "^3.18.5", "@smithy/fetch-http-handler": "^5.3.6", "@smithy/hash-node": "^4.2.5", "@smithy/invalid-dependency": "^4.2.5", "@smithy/middleware-content-length": "^4.2.5", "@smithy/middleware-endpoint": "^4.3.12", "@smithy/middleware-retry": "^4.4.12", "@smithy/middleware-serde": "^4.2.6", "@smithy/middleware-stack": "^4.2.5", "@smithy/node-config-provider": "^4.3.5", "@smithy/node-http-handler": "^4.4.5", "@smithy/protocol-http": "^5.3.5", "@smithy/smithy-client": "^4.9.8", "@smithy/types": "^4.9.0", "@smithy/url-parser": "^4.2.5", "@smithy/util-base64": "^4.3.0", "@smithy/util-body-length-browser": "^4.2.0", "@smithy/util-body-length-node": "^4.2.1", "@smithy/util-defaults-mode-browser": "^4.3.11", "@smithy/util-defaults-mode-node": "^4.2.14", "@smithy/util-endpoints": "^3.2.5", "@smithy/util-middleware": "^4.2.5", "@smithy/util-retry": "^4.2.5", "@smithy/util-utf8": "^4.2.0", "tslib": "^2.6.2" } }, "sha512-x0mdv6DkjXqXEcQj3URbCltEzW6hoy/1uIL+i8gExP6YKrnhiZ7SzuB4gPls2UOpK5UqLiqXjhRLfBb1C9i4Dw=="],

    "@aws-sdk/region-config-resolver": ["@aws-sdk/region-config-resolver@3.936.0", "", { "dependencies": { "@aws-sdk/types": "3.936.0", "@smithy/config-resolver": "^4.4.3", "@smithy/node-config-provider": "^4.3.5", "@smithy/types": "^4.9.0", "tslib": "^2.6.2" } }, "sha512-wOKhzzWsshXGduxO4pqSiNyL9oUtk4BEvjWm9aaq6Hmfdoydq6v6t0rAGHWPjFwy9z2haovGRi3C8IxdMB4muw=="],

    "@aws-sdk/signature-v4-multi-region": ["@aws-sdk/signature-v4-multi-region@3.940.0", "", { "dependencies": { "@aws-sdk/middleware-sdk-s3": "3.940.0", "@aws-sdk/types": "3.936.0", "@smithy/protocol-http": "^5.3.5", "@smithy/signature-v4": "^5.3.5", "@smithy/types": "^4.9.0", "tslib": "^2.6.2" } }, "sha512-ugHZEoktD/bG6mdgmhzLDjMP2VrYRAUPRPF1DpCyiZexkH7DCU7XrSJyXMvkcf0DHV+URk0q2sLf/oqn1D2uYw=="],

    "@aws-sdk/token-providers": ["@aws-sdk/token-providers@3.940.0", "", { "dependencies": { "@aws-sdk/core": "3.940.0", "@aws-sdk/nested-clients": "3.940.0", "@aws-sdk/types": "3.936.0", "@smithy/property-provider": "^4.2.5", "@smithy/shared-ini-file-loader": "^4.4.0", "@smithy/types": "^4.9.0", "tslib": "^2.6.2" } }, "sha512-k5qbRe/ZFjW9oWEdzLIa2twRVIEx7p/9rutofyrRysrtEnYh3HAWCngAnwbgKMoiwa806UzcTRx0TjyEpnKcCg=="],

    "@aws-sdk/types": ["@aws-sdk/types@3.936.0", "", { "dependencies": { "@smithy/types": "^4.9.0", "tslib": "^2.6.2" } }, "sha512-uz0/VlMd2pP5MepdrHizd+T+OKfyK4r3OA9JI+L/lPKg0YFQosdJNCKisr6o70E3dh8iMpFYxF1UN/4uZsyARg=="],

    "@aws-sdk/util-arn-parser": ["@aws-sdk/util-arn-parser@3.893.0", "", { "dependencies": { "tslib": "^2.6.2" } }, "sha512-u8H4f2Zsi19DGnwj5FSZzDMhytYF/bCh37vAtBsn3cNDL3YG578X5oc+wSX54pM3tOxS+NY7tvOAo52SW7koUA=="],

    "@aws-sdk/util-endpoints": ["@aws-sdk/util-endpoints@3.936.0", "", { "dependencies": { "@aws-sdk/types": "3.936.0", "@smithy/types": "^4.9.0", "@smithy/url-parser": "^4.2.5", "@smithy/util-endpoints": "^3.2.5", "tslib": "^2.6.2" } }, "sha512-0Zx3Ntdpu+z9Wlm7JKUBOzS9EunwKAb4KdGUQQxDqh5Lc3ta5uBoub+FgmVuzwnmBu9U1Os8UuwVTH0Lgu+P5w=="],

    "@aws-sdk/util-locate-window": ["@aws-sdk/util-locate-window@3.893.0", "", { "dependencies": { "tslib": "^2.6.2" } }, "sha512-T89pFfgat6c8nMmpI8eKjBcDcgJq36+m9oiXbcUzeU55MP9ZuGgBomGjGnHaEyF36jenW9gmg3NfZDm0AO2XPg=="],

    "@aws-sdk/util-user-agent-browser": ["@aws-sdk/util-user-agent-browser@3.936.0", "", { "dependencies": { "@aws-sdk/types": "3.936.0", "@smithy/types": "^4.9.0", "bowser": "^2.11.0", "tslib": "^2.6.2" } }, "sha512-eZ/XF6NxMtu+iCma58GRNRxSq4lHo6zHQLOZRIeL/ghqYJirqHdenMOwrzPettj60KWlv827RVebP9oNVrwZbw=="],

    "@aws-sdk/util-user-agent-node": ["@aws-sdk/util-user-agent-node@3.940.0", "", { "dependencies": { "@aws-sdk/middleware-user-agent": "3.940.0", "@aws-sdk/types": "3.936.0", "@smithy/node-config-provider": "^4.3.5", "@smithy/types": "^4.9.0", "tslib": "^2.6.2" }, "peerDependencies": { "aws-crt": ">=1.0.0" }, "optionalPeers": ["aws-crt"] }, "sha512-dlD/F+L/jN26I8Zg5x0oDGJiA+/WEQmnSE27fi5ydvYnpfQLwThtQo9SsNS47XSR/SOULaaoC9qx929rZuo74A=="],

    "@aws-sdk/xml-builder": ["@aws-sdk/xml-builder@3.930.0", "", { "dependencies": { "@smithy/types": "^4.9.0", "fast-xml-parser": "5.2.5", "tslib": "^2.6.2" } }, "sha512-YIfkD17GocxdmlUVc3ia52QhcWuRIUJonbF8A2CYfcWNV3HzvAqpcPeC0bYUhkK+8e8YO1ARnLKZQE0TlwzorA=="],

    "@aws/lambda-invoke-store": ["@aws/lambda-invoke-store@0.2.1", "", {}, "sha512-sIyFcoPZkTtNu9xFeEoynMef3bPJIAbOfUh+ueYcfhVl6xm2VRtMcMclSxmZCMnHHd4hlYKJeq/aggmBEWynww=="],

    "@borewit/text-codec": ["@borewit/text-codec@0.1.1", "", {}, "sha512-5L/uBxmjaCIX5h8Z+uu+kA9BQLkc/Wl06UGR5ajNRxu+/XjonB5i8JpgFMrPj3LXTCPA0pv8yxUvbUi+QthGGA=="],

    "@elysiajs/cookie": ["@elysiajs/cookie@0.8.0", "", { "dependencies": { "@types/cookie": "^0.5.1", "@types/cookie-signature": "^1.1.0", "cookie": "^0.5.0", "cookie-signature": "^1.2.1" }, "peerDependencies": { "elysia": ">= 0.8.0" } }, "sha512-CUtDwdYEoN0BcQ3SgZrB4x5nrbM4ih0sMhMuKKdMlEvqLtmRQDfq9KBCrMJW6L/Q0tPH0JLRqwjEbVb6rJufCw=="],

    "@elysiajs/jwt": ["@elysiajs/jwt@1.4.0", "", { "dependencies": { "jose": "^6.0.11" }, "peerDependencies": { "elysia": ">= 1.4.0" } }, "sha512-Z0PvZhQxdDeKZ8HslXzDoXXD83NKExNPmoiAPki3nI2Xvh5wtUrBH+zWOD17yP14IbRo8fxGj3L25MRCAPsgPA=="],

    "@elysiajs/swagger": ["@elysiajs/swagger@1.3.1", "", { "dependencies": { "@scalar/themes": "^0.9.52", "@scalar/types": "^0.0.12", "openapi-types": "^12.1.3", "pathe": "^1.1.2" }, "peerDependencies": { "elysia": ">= 1.3.0" } }, "sha512-LcbLHa0zE6FJKWPWKsIC/f+62wbDv3aXydqcNPVPyqNcaUgwvCajIi+5kHEU6GO3oXUCpzKaMsb3gsjt8sLzFQ=="],

    "@prisma/client": ["@prisma/client@5.22.0", "", { "peerDependencies": { "prisma": "*" }, "optionalPeers": ["prisma"] }, "sha512-M0SVXfyHnQREBKxCgyo7sffrKttwE6R8PMq330MIUF0pTwjUhLbW84pFDlf06B27XyCR++VtjugEnIHdr07SVA=="],

    "@prisma/debug": ["@prisma/debug@5.22.0", "", {}, "sha512-AUt44v3YJeggO2ZU5BkXI7M4hu9BF2zzH2iF2V5pyXT/lRTyWiElZ7It+bRH1EshoMRxHgpYg4VB6rCM+mG5jQ=="],

    "@prisma/engines": ["@prisma/engines@5.22.0", "", { "dependencies": { "@prisma/debug": "5.22.0", "@prisma/engines-version": "5.22.0-44.605197351a3c8bdd595af2d2a9bc3025bca48ea2", "@prisma/fetch-engine": "5.22.0", "@prisma/get-platform": "5.22.0" } }, "sha512-UNjfslWhAt06kVL3CjkuYpHAWSO6L4kDCVPegV6itt7nD1kSJavd3vhgAEhjglLJJKEdJ7oIqDJ+yHk6qO8gPA=="],

    "@prisma/engines-version": ["@prisma/engines-version@5.22.0-44.605197351a3c8bdd595af2d2a9bc3025bca48ea2", "", {}, "sha512-2PTmxFR2yHW/eB3uqWtcgRcgAbG1rwG9ZriSvQw+nnb7c4uCr3RAcGMb6/zfE88SKlC1Nj2ziUvc96Z379mHgQ=="],

    "@prisma/fetch-engine": ["@prisma/fetch-engine@5.22.0", "", { "dependencies": { "@prisma/debug": "5.22.0", "@prisma/engines-version": "5.22.0-44.605197351a3c8bdd595af2d2a9bc3025bca48ea2", "@prisma/get-platform": "5.22.0" } }, "sha512-bkrD/Mc2fSvkQBV5EpoFcZ87AvOgDxbG99488a5cexp5Ccny+UM6MAe/UFkUC0wLYD9+9befNOqGiIJhhq+HbA=="],

    "@prisma/get-platform": ["@prisma/get-platform@5.22.0", "", { "dependencies": { "@prisma/debug": "5.22.0" } }, "sha512-pHhpQdr1UPFpt+zFfnPazhulaZYCUqeIcPpJViYoq9R+D/yw4fjE+CtnsnKzPYm0ddUbeXUzjGVGIRVgPDCk4Q=="],

    "@scalar/openapi-types": ["@scalar/openapi-types@0.1.1", "", {}, "sha512-NMy3QNk6ytcCoPUGJH0t4NNr36OWXgZhA3ormr3TvhX1NDgoF95wFyodGVH8xiHeUyn2/FxtETm8UBLbB5xEmg=="],

    "@scalar/themes": ["@scalar/themes@0.9.86", "", { "dependencies": { "@scalar/types": "0.1.7" } }, "sha512-QUHo9g5oSWi+0Lm1vJY9TaMZRau8LHg+vte7q5BVTBnu6NuQfigCaN+ouQ73FqIVd96TwMO6Db+dilK1B+9row=="],

    "@scalar/types": ["@scalar/types@0.0.12", "", { "dependencies": { "@scalar/openapi-types": "0.1.1", "@unhead/schema": "^1.9.5" } }, "sha512-XYZ36lSEx87i4gDqopQlGCOkdIITHHEvgkuJFrXFATQs9zHARop0PN0g4RZYWj+ZpCUclOcaOjbCt8JGe22mnQ=="],

    "@sinclair/typebox": ["@sinclair/typebox@0.34.41", "", {}, "sha512-6gS8pZzSXdyRHTIqoqSVknxolr1kzfy4/CeDnrzsVz8TTIWUbOBr6gnzOmTYJ3eXQNh4IYHIGi5aIL7sOZ2G/g=="],

    "@smithy/abort-controller": ["@smithy/abort-controller@4.2.5", "", { "dependencies": { "@smithy/types": "^4.9.0", "tslib": "^2.6.2" } }, "sha512-j7HwVkBw68YW8UmFRcjZOmssE77Rvk0GWAIN1oFBhsaovQmZWYCIcGa9/pwRB0ExI8Sk9MWNALTjftjHZea7VA=="],

    "@smithy/config-resolver": ["@smithy/config-resolver@4.4.3", "", { "dependencies": { "@smithy/node-config-provider": "^4.3.5", "@smithy/types": "^4.9.0", "@smithy/util-config-provider": "^4.2.0", "@smithy/util-endpoints": "^3.2.5", "@smithy/util-middleware": "^4.2.5", "tslib": "^2.6.2" } }, "sha512-ezHLe1tKLUxDJo2LHtDuEDyWXolw8WGOR92qb4bQdWq/zKenO5BvctZGrVJBK08zjezSk7bmbKFOXIVyChvDLw=="],

    "@smithy/core": ["@smithy/core@3.18.5", "", { "dependencies": { "@smithy/middleware-serde": "^4.2.6", "@smithy/protocol-http": "^5.3.5", "@smithy/types": "^4.9.0", "@smithy/util-base64": "^4.3.0", "@smithy/util-body-length-browser": "^4.2.0", "@smithy/util-middleware": "^4.2.5", "@smithy/util-stream": "^4.5.6", "@smithy/util-utf8": "^4.2.0", "@smithy/uuid": "^1.1.0", "tslib": "^2.6.2" } }, "sha512-6gnIz3h+PEPQGDj8MnRSjDvKBah042jEoPgjFGJ4iJLBE78L4lY/n98x14XyPF4u3lN179Ub/ZKFY5za9GeLQw=="],

    "@smithy/credential-provider-imds": ["@smithy/credential-provider-imds@4.2.5", "", { "dependencies": { "@smithy/node-config-provider": "^4.3.5", "@smithy/property-provider": "^4.2.5", "@smithy/types": "^4.9.0", "@smithy/url-parser": "^4.2.5", "tslib": "^2.6.2" } }, "sha512-BZwotjoZWn9+36nimwm/OLIcVe+KYRwzMjfhd4QT7QxPm9WY0HiOV8t/Wlh+HVUif0SBVV7ksq8//hPaBC/okQ=="],

    "@smithy/fetch-http-handler": ["@smithy/fetch-http-handler@5.3.6", "", { "dependencies": { "@smithy/protocol-http": "^5.3.5", "@smithy/querystring-builder": "^4.2.5", "@smithy/types": "^4.9.0", "@smithy/util-base64": "^4.3.0", "tslib": "^2.6.2" } }, "sha512-3+RG3EA6BBJ/ofZUeTFJA7mHfSYrZtQIrDP9dI8Lf7X6Jbos2jptuLrAAteDiFVrmbEmLSuRG/bUKzfAXk7dhg=="],

    "@smithy/hash-node": ["@smithy/hash-node@4.2.5", "", { "dependencies": { "@smithy/types": "^4.9.0", "@smithy/util-buffer-from": "^4.2.0", "@smithy/util-utf8": "^4.2.0", "tslib": "^2.6.2" } }, "sha512-DpYX914YOfA3UDT9CN1BM787PcHfWRBB43fFGCYrZFUH0Jv+5t8yYl+Pd5PW4+QzoGEDvn5d5QIO4j2HyYZQSA=="],

    "@smithy/invalid-dependency": ["@smithy/invalid-dependency@4.2.5", "", { "dependencies": { "@smithy/types": "^4.9.0", "tslib": "^2.6.2" } }, "sha512-2L2erASEro1WC5nV+plwIMxrTXpvpfzl4e+Nre6vBVRR2HKeGGcvpJyyL3/PpiSg+cJG2KpTmZmq934Olb6e5A=="],

    "@smithy/is-array-buffer": ["@smithy/is-array-buffer@4.2.0", "", { "dependencies": { "tslib": "^2.6.2" } }, "sha512-DZZZBvC7sjcYh4MazJSGiWMI2L7E0oCiRHREDzIxi/M2LY79/21iXt6aPLHge82wi5LsuRF5A06Ds3+0mlh6CQ=="],

    "@smithy/middleware-content-length": ["@smithy/middleware-content-length@4.2.5", "", { "dependencies": { "@smithy/protocol-http": "^5.3.5", "@smithy/types": "^4.9.0", "tslib": "^2.6.2" } }, "sha512-Y/RabVa5vbl5FuHYV2vUCwvh/dqzrEY/K2yWPSqvhFUwIY0atLqO4TienjBXakoy4zrKAMCZwg+YEqmH7jaN7A=="],

    "@smithy/middleware-endpoint": ["@smithy/middleware-endpoint@4.3.12", "", { "dependencies": { "@smithy/core": "^3.18.5", "@smithy/middleware-serde": "^4.2.6", "@smithy/node-config-provider": "^4.3.5", "@smithy/shared-ini-file-loader": "^4.4.0", "@smithy/types": "^4.9.0", "@smithy/url-parser": "^4.2.5", "@smithy/util-middleware": "^4.2.5", "tslib": "^2.6.2" } }, "sha512-9pAX/H+VQPzNbouhDhkW723igBMLgrI8OtX+++M7iKJgg/zY/Ig3i1e6seCcx22FWhE6Q/S61BRdi2wXBORT+A=="],

    "@smithy/middleware-retry": ["@smithy/middleware-retry@4.4.12", "", { "dependencies": { "@smithy/node-config-provider": "^4.3.5", "@smithy/protocol-http": "^5.3.5", "@smithy/service-error-classification": "^4.2.5", "@smithy/smithy-client": "^4.9.8", "@smithy/types": "^4.9.0", "@smithy/util-middleware": "^4.2.5", "@smithy/util-retry": "^4.2.5", "@smithy/uuid": "^1.1.0", "tslib": "^2.6.2" } }, "sha512-S4kWNKFowYd0lID7/DBqWHOQxmxlsf0jBaos9chQZUWTVOjSW1Ogyh8/ib5tM+agFDJ/TCxuCTvrnlc+9cIBcQ=="],

    "@smithy/middleware-serde": ["@smithy/middleware-serde@4.2.6", "", { "dependencies": { "@smithy/protocol-http": "^5.3.5", "@smithy/types": "^4.9.0", "tslib": "^2.6.2" } }, "sha512-VkLoE/z7e2g8pirwisLz8XJWedUSY8my/qrp81VmAdyrhi94T+riBfwP+AOEEFR9rFTSonC/5D2eWNmFabHyGQ=="],

    "@smithy/middleware-stack": ["@smithy/middleware-stack@4.2.5", "", { "dependencies": { "@smithy/types": "^4.9.0", "tslib": "^2.6.2" } }, "sha512-bYrutc+neOyWxtZdbB2USbQttZN0mXaOyYLIsaTbJhFsfpXyGWUxJpEuO1rJ8IIJm2qH4+xJT0mxUSsEDTYwdQ=="],

    "@smithy/node-config-provider": ["@smithy/node-config-provider@4.3.5", "", { "dependencies": { "@smithy/property-provider": "^4.2.5", "@smithy/shared-ini-file-loader": "^4.4.0", "@smithy/types": "^4.9.0", "tslib": "^2.6.2" } }, "sha512-UTurh1C4qkVCtqggI36DGbLB2Kv8UlcFdMXDcWMbqVY2uRg0XmT9Pb4Vj6oSQ34eizO1fvR0RnFV4Axw4IrrAg=="],

    "@smithy/node-http-handler": ["@smithy/node-http-handler@4.4.5", "", { "dependencies": { "@smithy/abort-controller": "^4.2.5", "@smithy/protocol-http": "^5.3.5", "@smithy/querystring-builder": "^4.2.5", "@smithy/types": "^4.9.0", "tslib": "^2.6.2" } }, "sha512-CMnzM9R2WqlqXQGtIlsHMEZfXKJVTIrqCNoSd/QpAyp+Dw0a1Vps13l6ma1fH8g7zSPNsA59B/kWgeylFuA/lw=="],

    "@smithy/property-provider": ["@smithy/property-provider@4.2.5", "", { "dependencies": { "@smithy/types": "^4.9.0", "tslib": "^2.6.2" } }, "sha512-8iLN1XSE1rl4MuxvQ+5OSk/Zb5El7NJZ1td6Tn+8dQQHIjp59Lwl6bd0+nzw6SKm2wSSriH2v/I9LPzUic7EOg=="],

    "@smithy/protocol-http": ["@smithy/protocol-http@5.3.5", "", { "dependencies": { "@smithy/types": "^4.9.0", "tslib": "^2.6.2" } }, "sha512-RlaL+sA0LNMp03bf7XPbFmT5gN+w3besXSWMkA8rcmxLSVfiEXElQi4O2IWwPfxzcHkxqrwBFMbngB8yx/RvaQ=="],

    "@smithy/querystring-builder": ["@smithy/querystring-builder@4.2.5", "", { "dependencies": { "@smithy/types": "^4.9.0", "@smithy/util-uri-escape": "^4.2.0", "tslib": "^2.6.2" } }, "sha512-y98otMI1saoajeik2kLfGyRp11e5U/iJYH/wLCh3aTV/XutbGT9nziKGkgCaMD1ghK7p6htHMm6b6scl9JRUWg=="],

    "@smithy/querystring-parser": ["@smithy/querystring-parser@4.2.5", "", { "dependencies": { "@smithy/types": "^4.9.0", "tslib": "^2.6.2" } }, "sha512-031WCTdPYgiQRYNPXznHXof2YM0GwL6SeaSyTH/P72M1Vz73TvCNH2Nq8Iu2IEPq9QP2yx0/nrw5YmSeAi/AjQ=="],

    "@smithy/service-error-classification": ["@smithy/service-error-classification@4.2.5", "", { "dependencies": { "@smithy/types": "^4.9.0" } }, "sha512-8fEvK+WPE3wUAcDvqDQG1Vk3ANLR8Px979te96m84CbKAjBVf25rPYSzb4xU4hlTyho7VhOGnh5i62D/JVF0JQ=="],

    "@smithy/shared-ini-file-loader": ["@smithy/shared-ini-file-loader@4.4.0", "", { "dependencies": { "@smithy/types": "^4.9.0", "tslib": "^2.6.2" } }, "sha512-5WmZ5+kJgJDjwXXIzr1vDTG+RhF9wzSODQBfkrQ2VVkYALKGvZX1lgVSxEkgicSAFnFhPj5rudJV0zoinqS0bA=="],

    "@smithy/signature-v4": ["@smithy/signature-v4@5.3.5", "", { "dependencies": { "@smithy/is-array-buffer": "^4.2.0", "@smithy/protocol-http": "^5.3.5", "@smithy/types": "^4.9.0", "@smithy/util-hex-encoding": "^4.2.0", "@smithy/util-middleware": "^4.2.5", "@smithy/util-uri-escape": "^4.2.0", "@smithy/util-utf8": "^4.2.0", "tslib": "^2.6.2" } }, "sha512-xSUfMu1FT7ccfSXkoLl/QRQBi2rOvi3tiBZU2Tdy3I6cgvZ6SEi9QNey+lqps/sJRnogIS+lq+B1gxxbra2a/w=="],

    "@smithy/smithy-client": ["@smithy/smithy-client@4.9.8", "", { "dependencies": { "@smithy/core": "^3.18.5", "@smithy/middleware-endpoint": "^4.3.12", "@smithy/middleware-stack": "^4.2.5", "@smithy/protocol-http": "^5.3.5", "@smithy/types": "^4.9.0", "@smithy/util-stream": "^4.5.6", "tslib": "^2.6.2" } }, "sha512-8xgq3LgKDEFoIrLWBho/oYKyWByw9/corz7vuh1upv7ZBm0ZMjGYBhbn6v643WoIqA9UTcx5A5htEp/YatUwMA=="],

    "@smithy/types": ["@smithy/types@4.9.0", "", { "dependencies": { "tslib": "^2.6.2" } }, "sha512-MvUbdnXDTwykR8cB1WZvNNwqoWVaTRA0RLlLmf/cIFNMM2cKWz01X4Ly6SMC4Kks30r8tT3Cty0jmeWfiuyHTA=="],

    "@smithy/url-parser": ["@smithy/url-parser@4.2.5", "", { "dependencies": { "@smithy/querystring-parser": "^4.2.5", "@smithy/types": "^4.9.0", "tslib": "^2.6.2" } }, "sha512-VaxMGsilqFnK1CeBX+LXnSuaMx4sTL/6znSZh2829txWieazdVxr54HmiyTsIbpOTLcf5nYpq9lpzmwRdxj6rQ=="],

    "@smithy/util-base64": ["@smithy/util-base64@4.3.0", "", { "dependencies": { "@smithy/util-buffer-from": "^4.2.0", "@smithy/util-utf8": "^4.2.0", "tslib": "^2.6.2" } }, "sha512-GkXZ59JfyxsIwNTWFnjmFEI8kZpRNIBfxKjv09+nkAWPt/4aGaEWMM04m4sxgNVWkbt2MdSvE3KF/PfX4nFedQ=="],

    "@smithy/util-body-length-browser": ["@smithy/util-body-length-browser@4.2.0", "", { "dependencies": { "tslib": "^2.6.2" } }, "sha512-Fkoh/I76szMKJnBXWPdFkQJl2r9SjPt3cMzLdOB6eJ4Pnpas8hVoWPYemX/peO0yrrvldgCUVJqOAjUrOLjbxg=="],

    "@smithy/util-body-length-node": ["@smithy/util-body-length-node@4.2.1", "", { "dependencies": { "tslib": "^2.6.2" } }, "sha512-h53dz/pISVrVrfxV1iqXlx5pRg3V2YWFcSQyPyXZRrZoZj4R4DeWRDo1a7dd3CPTcFi3kE+98tuNyD2axyZReA=="],

    "@smithy/util-buffer-from": ["@smithy/util-buffer-from@4.2.0", "", { "dependencies": { "@smithy/is-array-buffer": "^4.2.0", "tslib": "^2.6.2" } }, "sha512-kAY9hTKulTNevM2nlRtxAG2FQ3B2OR6QIrPY3zE5LqJy1oxzmgBGsHLWTcNhWXKchgA0WHW+mZkQrng/pgcCew=="],

    "@smithy/util-config-provider": ["@smithy/util-config-provider@4.2.0", "", { "dependencies": { "tslib": "^2.6.2" } }, "sha512-YEjpl6XJ36FTKmD+kRJJWYvrHeUvm5ykaUS5xK+6oXffQPHeEM4/nXlZPe+Wu0lsgRUcNZiliYNh/y7q9c2y6Q=="],

    "@smithy/util-defaults-mode-browser": ["@smithy/util-defaults-mode-browser@4.3.11", "", { "dependencies": { "@smithy/property-provider": "^4.2.5", "@smithy/smithy-client": "^4.9.8", "@smithy/types": "^4.9.0", "tslib": "^2.6.2" } }, "sha512-yHv+r6wSQXEXTPVCIQTNmXVWs7ekBTpMVErjqZoWkYN75HIFN5y9+/+sYOejfAuvxWGvgzgxbTHa/oz61YTbKw=="],

    "@smithy/util-defaults-mode-node": ["@smithy/util-defaults-mode-node@4.2.14", "", { "dependencies": { "@smithy/config-resolver": "^4.4.3", "@smithy/credential-provider-imds": "^4.2.5", "@smithy/node-config-provider": "^4.3.5", "@smithy/property-provider": "^4.2.5", "@smithy/smithy-client": "^4.9.8", "@smithy/types": "^4.9.0", "tslib": "^2.6.2" } }, "sha512-ljZN3iRvaJUgulfvobIuG97q1iUuCMrvXAlkZ4msY+ZuVHQHDIqn7FKZCEj+bx8omz6kF5yQXms/xhzjIO5XiA=="],

    "@smithy/util-endpoints": ["@smithy/util-endpoints@3.2.5", "", { "dependencies": { "@smithy/node-config-provider": "^4.3.5", "@smithy/types": "^4.9.0", "tslib": "^2.6.2" } }, "sha512-3O63AAWu2cSNQZp+ayl9I3NapW1p1rR5mlVHcF6hAB1dPZUQFfRPYtplWX/3xrzWthPGj5FqB12taJJCfH6s8A=="],

    "@smithy/util-hex-encoding": ["@smithy/util-hex-encoding@4.2.0", "", { "dependencies": { "tslib": "^2.6.2" } }, "sha512-CCQBwJIvXMLKxVbO88IukazJD9a4kQ9ZN7/UMGBjBcJYvatpWk+9g870El4cB8/EJxfe+k+y0GmR9CAzkF+Nbw=="],

    "@smithy/util-middleware": ["@smithy/util-middleware@4.2.5", "", { "dependencies": { "@smithy/types": "^4.9.0", "tslib": "^2.6.2" } }, "sha512-6Y3+rvBF7+PZOc40ybeZMcGln6xJGVeY60E7jy9Mv5iKpMJpHgRE6dKy9ScsVxvfAYuEX4Q9a65DQX90KaQ3bA=="],

    "@smithy/util-retry": ["@smithy/util-retry@4.2.5", "", { "dependencies": { "@smithy/service-error-classification": "^4.2.5", "@smithy/types": "^4.9.0", "tslib": "^2.6.2" } }, "sha512-GBj3+EZBbN4NAqJ/7pAhsXdfzdlznOh8PydUijy6FpNIMnHPSMO2/rP4HKu+UFeikJxShERk528oy7GT79YiJg=="],

    "@smithy/util-stream": ["@smithy/util-stream@4.5.6", "", { "dependencies": { "@smithy/fetch-http-handler": "^5.3.6", "@smithy/node-http-handler": "^4.4.5", "@smithy/types": "^4.9.0", "@smithy/util-base64": "^4.3.0", "@smithy/util-buffer-from": "^4.2.0", "@smithy/util-hex-encoding": "^4.2.0", "@smithy/util-utf8": "^4.2.0", "tslib": "^2.6.2" } }, "sha512-qWw/UM59TiaFrPevefOZ8CNBKbYEP6wBAIlLqxn3VAIo9rgnTNc4ASbVrqDmhuwI87usnjhdQrxodzAGFFzbRQ=="],

    "@smithy/util-uri-escape": ["@smithy/util-uri-escape@4.2.0", "", { "dependencies": { "tslib": "^2.6.2" } }, "sha512-igZpCKV9+E/Mzrpq6YacdTQ0qTiLm85gD6N/IrmyDvQFA4UnU3d5g3m8tMT/6zG/vVkWSU+VxeUyGonL62DuxA=="],

    "@smithy/util-utf8": ["@smithy/util-utf8@4.2.0", "", { "dependencies": { "@smithy/util-buffer-from": "^4.2.0", "tslib": "^2.6.2" } }, "sha512-zBPfuzoI8xyBtR2P6WQj63Rz8i3AmfAaJLuNG8dWsfvPe8lO4aCPYLn879mEgHndZH1zQ2oXmG8O1GGzzaoZiw=="],

    "@smithy/uuid": ["@smithy/uuid@1.1.0", "", { "dependencies": { "tslib": "^2.6.2" } }, "sha512-4aUIteuyxtBUhVdiQqcDhKFitwfd9hqoSDYY2KRXiWtgoWJ9Bmise+KfEPDiVHWeJepvF8xJO9/9+WDIciMFFw=="],

    "@stablelib/base64": ["@stablelib/base64@1.0.1", "", {}, "sha512-1bnPQqSxSuc3Ii6MhBysoWCg58j97aUjuCSZrGSmDxNqtytIi0k8utUenAwTZN4V5mXXYGsVUI9zeBqy+jBOSQ=="],

    "@tokenizer/inflate": ["@tokenizer/inflate@0.4.1", "", { "dependencies": { "debug": "^4.4.3", "token-types": "^6.1.1" } }, "sha512-2mAv+8pkG6GIZiF1kNg1jAjh27IDxEPKwdGul3snfztFerfPGI1LjDezZp3i7BElXompqEtPmoPx6c2wgtWsOA=="],

    "@tokenizer/token": ["@tokenizer/token@0.3.0", "", {}, "sha512-OvjF+z51L3ov0OyAU0duzsYuvO01PH7x4t6DJx+guahgTnBHkhJdG7soQeTSFLWN3efnHyibZ4Z8l2EuWwJN3A=="],

    "@types/bcryptjs": ["@types/bcryptjs@3.0.0", "", { "dependencies": { "bcryptjs": "*" } }, "sha512-WRZOuCuaz8UcZZE4R5HXTco2goQSI2XxjGY3hbM/xDvwmqFWd4ivooImsMx65OKM6CtNKbnZ5YL+YwAwK7c1dg=="],

    "@types/cookie": ["@types/cookie@0.5.4", "", {}, "sha512-7z/eR6O859gyWIAjuvBWFzNURmf2oPBmJlfVWkwehU5nzIyjwBsTh7WMmEEV4JFnHuQ3ex4oyTvfKzcyJVDBNA=="],

    "@types/cookie-signature": ["@types/cookie-signature@1.1.2", "", { "dependencies": { "@types/node": "*" } }, "sha512-2OhrZV2LVnUAXklUFwuYUTokalh/dUb8rqt70OW6ByMSxYpauPZ+kfNLknX3aJyjY5iu8i3cUyoLZP9Fn37tTg=="],

    "@types/node": ["@types/node@24.10.1", "", { "dependencies": { "undici-types": "~7.16.0" } }, "sha512-GNWcUTRBgIRJD5zj+Tq0fKOJ5XZajIiBroOF0yvj2bSU1WvNdYS/dn9UxwsujGW4JX06dnHyjV2y9rRaybH0iQ=="],

    "@types/nodemailer": ["@types/nodemailer@7.0.4", "", { "dependencies": { "@aws-sdk/client-sesv2": "^3.839.0", "@types/node": "*" } }, "sha512-ee8fxWqOchH+Hv6MDDNNy028kwvVnLplrStm4Zf/3uHWw5zzo8FoYYeffpJtGs2wWysEumMH0ZIdMGMY1eMAow=="],

    "@unhead/schema": ["@unhead/schema@1.11.20", "", { "dependencies": { "hookable": "^5.5.3", "zhead": "^2.2.4" } }, "sha512-0zWykKAaJdm+/Y7yi/Yds20PrUK7XabLe9c3IRcjnwYmSWY6z0Cr19VIs3ozCj8P+GhR+/TI2mwtGlueCEYouA=="],

    "bcryptjs": ["bcryptjs@3.0.3", "", { "bin": { "bcrypt": "bin/bcrypt" } }, "sha512-GlF5wPWnSa/X5LKM1o0wz0suXIINz1iHRLvTS+sLyi7XPbe5ycmYI3DlZqVGZZtDgl4DmasFg7gOB3JYbphV5g=="],

    "bowser": ["bowser@2.13.1", "", {}, "sha512-OHawaAbjwx6rqICCKgSG0SAnT05bzd7ppyKLVUITZpANBaaMFBAsaNkto3LoQ31tyFP5kNujE8Cdx85G9VzOkw=="],

    "bun-types": ["bun-types@1.3.3", "", { "dependencies": { "@types/node": "*" } }, "sha512-z3Xwlg7j2l9JY27x5Qn3Wlyos8YAp0kKRlrePAOjgjMGS5IG6E7Jnlx736vH9UVI4wUICwwhC9anYL++XeOgTQ=="],

    "cookie": ["cookie@0.5.0", "", {}, "sha512-YZ3GUyn/o8gfKJlnlX7g7xq4gyO6OSuhGPKaaGssGB2qgDUS0gPgtTvoyZLTt9Ab6dC4hfc9dV5arkvc/OCmrw=="],

    "cookie-signature": ["cookie-signature@1.2.2", "", {}, "sha512-D76uU73ulSXrD1UXF4KE2TMxVVwhsnCgfAyTg9k8P6KGZjlXKrOLe4dJQKI3Bxi5wjesZoFXJWElNWBjPZMbhg=="],

    "debug": ["debug@4.4.3", "", { "dependencies": { "ms": "^2.1.3" } }, "sha512-RGwwWnwQvkVfavKVt22FGLw+xYSdzARwm0ru6DhTVA3umU5hZc28V3kO4stgYryrTlLpuvgI9GiijltAjNbcqA=="],

    "dotenv": ["dotenv@17.2.3", "", {}, "sha512-JVUnt+DUIzu87TABbhPmNfVdBDt18BLOWjMUFJMSi/Qqg7NTYtabbvSNJGOJ7afbRuv9D/lngizHtP7QyLQ+9w=="],

    "elysia": ["elysia@1.4.16", "", { "dependencies": { "cookie": "^1.0.2", "exact-mirror": "0.2.3", "fast-decode-uri-component": "^1.0.1", "memoirist": "^0.4.0" }, "peerDependencies": { "@sinclair/typebox": ">= 0.34.0 < 1", "@types/bun": ">= 1.2.0", "file-type": ">= 20.0.0", "openapi-types": ">= 12.0.0", "typescript": ">= 5.0.0" }, "optionalPeers": ["@types/bun", "typescript"] }, "sha512-KZtKN160/bdWVKg2hEgyoNXY8jRRquc+m6PboyisaLZL891I+Ufb7Ja6lDAD7vMQur8sLEWIcidZOzj5lWw9UA=="],

    "es6-promise": ["es6-promise@4.2.8", "", {}, "sha512-HJDGx5daxeIvxdBxvG2cb9g4tEvwIk3i8+nhX0yGrYmZUzbkdg8QbDevheDB8gd0//uPj4c1EQua8Q+MViT0/w=="],

    "exact-mirror": ["exact-mirror@0.2.3", "", { "peerDependencies": { "@sinclair/typebox": "^0.34.15" }, "optionalPeers": ["@sinclair/typebox"] }, "sha512-aLdARfO0W0ntufjDyytUJQMbNXoB9g+BbA8KcgIq4XOOTYRw48yUGON/Pr64iDrYNZKcKvKbqE0MPW56FF2BXA=="],

    "fast-decode-uri-component": ["fast-decode-uri-component@1.0.1", "", {}, "sha512-WKgKWg5eUxvRZGwW8FvfbaH7AXSh2cL+3j5fMGzUMCxWBJ3dV3a7Wz8y2f/uQ0e3B6WmodD3oS54jTQ9HVTIIg=="],

    "fast-sha256": ["fast-sha256@1.3.0", "", {}, "sha512-n11RGP/lrWEFI/bWdygLxhI+pVeo1ZYIVwvvPkW7azl/rOy+F3HYRZ2K5zeE9mmkhQppyv9sQFx0JM9UabnpPQ=="],

    "fast-xml-parser": ["fast-xml-parser@5.2.5", "", { "dependencies": { "strnum": "^2.1.0" }, "bin": { "fxparser": "src/cli/cli.js" } }, "sha512-pfX9uG9Ki0yekDHx2SiuRIyFdyAr1kMIMitPvb0YBo8SUfKvia7w7FIyd/l6av85pFYRhZscS75MwMnbvY+hcQ=="],

    "file-type": ["file-type@21.1.1", "", { "dependencies": { "@tokenizer/inflate": "^0.4.1", "strtok3": "^10.3.4", "token-types": "^6.1.1", "uint8array-extras": "^1.4.0" } }, "sha512-ifJXo8zUqbQ/bLbl9sFoqHNTNWbnPY1COImFfM6CCy7z+E+jC1eY9YfOKkx0fckIg+VljAy2/87T61fp0+eEkg=="],

    "fsevents": ["fsevents@2.3.3", "", { "os": "darwin" }, "sha512-5xoDfX+fL7faATnagmWPpbFtwh/R77WmMMqqHGS65C3vvB0YHrgF+B1YmZ3441tMj5n63k0212XNoJwzlhffQw=="],

    "hookable": ["hookable@5.5.3", "", {}, "sha512-Yc+BQe8SvoXH1643Qez1zqLRmbA5rCL+sSmk6TVos0LWVfNIB7PGncdlId77WzLGSIB5KaWgTaNTs2lNVEI6VQ=="],

    "ieee754": ["ieee754@1.2.1", "", {}, "sha512-dcyqhDvX1C46lXZcVqCpK+FtMRQVdIMN6/Df5js2zouUsqG7I6sFxitIC+7KYK29KdXOLHdu9zL4sFnoVQnqaA=="],

    "jose": ["jose@6.1.2", "", {}, "sha512-MpcPtHLE5EmztuFIqB0vzHAWJPpmN1E6L4oo+kze56LIs3MyXIj9ZHMDxqOvkP38gBR7K1v3jqd4WU2+nrfONQ=="],

    "memoirist": ["memoirist@0.4.0", "", {}, "sha512-zxTgA0mSYELa66DimuNQDvyLq36AwDlTuVRbnQtB+VuTcKWm5Qc4z3WkSpgsFWHNhexqkIooqpv4hdcqrX5Nmg=="],

    "ms": ["ms@2.1.3", "", {}, "sha512-6FlzubTLZG3J2a/NVCAleEhjzq5oxgHyaCU9yYXvcLsvoVaHJq/s5xXI6/XXP6tz7R9xAOtHnSO/tXtF3WRTlA=="],

    "nanoid": ["nanoid@5.1.6", "", { "bin": { "nanoid": "bin/nanoid.js" } }, "sha512-c7+7RQ+dMB5dPwwCp4ee1/iV/q2P6aK1mTZcfr1BTuVlyW9hJYiMPybJCcnBlQtuSmTIWNeazm/zqNoZSSElBg=="],

    "nodemailer": ["nodemailer@7.0.11", "", {}, "sha512-gnXhNRE0FNhD7wPSCGhdNh46Hs6nm+uTyg+Kq0cZukNQiYdnCsoQjodNP9BQVG9XrcK/v6/MgpAPBUFyzh9pvw=="],

    "openapi-types": ["openapi-types@12.1.3", "", {}, "sha512-N4YtSYJqghVu4iek2ZUvcN/0aqH1kRDuNqzcycDxhOUpg7GdvLa2F3DgS6yBNhInhv2r/6I0Flkn7CqL8+nIcw=="],

    "pathe": ["pathe@1.1.2", "", {}, "sha512-whLdWMYL2TwI08hn8/ZqAbrVemu0LNaNNJZX73O6qaIdCTfXutsLhMkjdENX0qhsQ9uIimo4/aQOmXkoon2nDQ=="],

    "prisma": ["prisma@5.22.0", "", { "dependencies": { "@prisma/engines": "5.22.0" }, "optionalDependencies": { "fsevents": "2.3.3" }, "bin": { "prisma": "build/index.js" } }, "sha512-vtpjW3XuYCSnMsNVBjLMNkTj6OZbudcPPTPYHqX0CJfpcdWciI1dM8uHETwmDxxiqEwCIE6WvXucWUetJgfu/A=="],

    "querystringify": ["querystringify@2.2.0", "", {}, "sha512-FIqgj2EUvTa7R50u0rGsyTftzjYmv/a3hO345bZNrqabNqjtgiDMgmo4mkUjd+nzU5oF3dClKqFIPUKybUyqoQ=="],

    "requires-port": ["requires-port@1.0.0", "", {}, "sha512-KigOCHcocU3XODJxsu8i/j8T9tzT4adHiecwORRQ0ZZFcp7ahwXuRU1m+yuO90C5ZUyGeGfocHDI14M3L3yDAQ=="],

    "resend": ["resend@6.5.2", "", { "dependencies": { "svix": "1.76.1" }, "peerDependencies": { "@react-email/render": "*" }, "optionalPeers": ["@react-email/render"] }, "sha512-Yl83UvS8sYsjgmF8dVbNPzlfpmb3DkLUk3VwsAbkaEFo9UMswpNuPGryHBXGk+Ta4uYMv5HmjVk3j9jmNkcEDg=="],

    "strnum": ["strnum@2.1.1", "", {}, "sha512-7ZvoFTiCnGxBtDqJ//Cu6fWtZtc7Y3x+QOirG15wztbdngGSkht27o2pyGWrVy0b4WAy3jbKmnoK6g5VlVNUUw=="],

    "strtok3": ["strtok3@10.3.4", "", { "dependencies": { "@tokenizer/token": "^0.3.0" } }, "sha512-KIy5nylvC5le1OdaaoCJ07L+8iQzJHGH6pWDuzS+d07Cu7n1MZ2x26P8ZKIWfbK02+XIL8Mp4RkWeqdUCrDMfg=="],

    "svix": ["svix@1.76.1", "", { "dependencies": { "@stablelib/base64": "^1.0.0", "@types/node": "^22.7.5", "es6-promise": "^4.2.8", "fast-sha256": "^1.3.0", "url-parse": "^1.5.10", "uuid": "^10.0.0" } }, "sha512-CRuDWBTgYfDnBLRaZdKp9VuoPcNUq9An14c/k+4YJ15Qc5Grvf66vp0jvTltd4t7OIRj+8lM1DAgvSgvf7hdLw=="],

    "token-types": ["token-types@6.1.1", "", { "dependencies": { "@borewit/text-codec": "^0.1.0", "@tokenizer/token": "^0.3.0", "ieee754": "^1.2.1" } }, "sha512-kh9LVIWH5CnL63Ipf0jhlBIy0UsrMj/NJDfpsy1SqOXlLKEVyXXYrnFxFT1yOOYVGBSApeVnjPw/sBz5BfEjAQ=="],

    "tslib": ["tslib@2.8.1", "", {}, "sha512-oJFu94HQb+KVduSUQL7wnpmqnfmLsOA/nAh6b6EH0wCEoK0/mPeXU6c3wKDV83MkOuHPRHtSXKKU99IBazS/2w=="],

    "type-fest": ["type-fest@4.41.0", "", {}, "sha512-TeTSQ6H5YHvpqVwBRcnLDCBnDOHWYu7IvGbHT6N8AOymcr9PJGjc1GTtiWZTYg0NCgYwvnYWEkVChQAr9bjfwA=="],

    "uint8array-extras": ["uint8array-extras@1.5.0", "", {}, "sha512-rvKSBiC5zqCCiDZ9kAOszZcDvdAHwwIKJG33Ykj43OKcWsnmcBRL09YTU4nOeHZ8Y2a7l1MgTd08SBe9A8Qj6A=="],

    "undici-types": ["undici-types@7.16.0", "", {}, "sha512-Zz+aZWSj8LE6zoxD+xrjh4VfkIG8Ya6LvYkZqtUQGJPZjYl53ypCaUwWqo7eI0x66KBGeRo+mlBEkMSeSZ38Nw=="],

    "url-parse": ["url-parse@1.5.10", "", { "dependencies": { "querystringify": "^2.1.1", "requires-port": "^1.0.0" } }, "sha512-WypcfiRhfeUP9vvF0j6rw0J3hrWrw6iZv3+22h6iRMJ/8z1Tj6XfLP4DsUix5MhMPnXpiHDoKyoZ/bdCkwBCiQ=="],

    "uuid": ["uuid@10.0.0", "", { "bin": { "uuid": "dist/bin/uuid" } }, "sha512-8XkAphELsDnEGrDxUOHB3RGvXz6TeuYSGEZBOjtTtPm2lwhGBjLgOzLHB63IUWfBpNucQjND6d3AOudO+H3RWQ=="],

    "zhead": ["zhead@2.2.4", "", {}, "sha512-8F0OI5dpWIA5IGG5NHUg9staDwz/ZPxZtvGVf01j7vHqSyZ0raHY+78atOVxRqb73AotX22uV1pXt3gYSstGag=="],

    "zod": ["zod@3.25.76", "", {}, "sha512-gzUt/qt81nXsFGKIFcC3YnfEAx5NkunCfnDlvuBSSFS02bcXu4Lmea0AFIUwbLWxWPx3d9p8S5QoaujKcNQxcQ=="],

    "@aws-crypto/sha256-browser/@smithy/util-utf8": ["@smithy/util-utf8@2.3.0", "", { "dependencies": { "@smithy/util-buffer-from": "^2.2.0", "tslib": "^2.6.2" } }, "sha512-R8Rdn8Hy72KKcebgLiv8jQcQkXoLMOGGv5uI1/k0l+snqkOzQ1R0ChUBCxWMlBsFMekWjq0wRudIweFs7sKT5A=="],

    "@aws-crypto/util/@smithy/util-utf8": ["@smithy/util-utf8@2.3.0", "", { "dependencies": { "@smithy/util-buffer-from": "^2.2.0", "tslib": "^2.6.2" } }, "sha512-R8Rdn8Hy72KKcebgLiv8jQcQkXoLMOGGv5uI1/k0l+snqkOzQ1R0ChUBCxWMlBsFMekWjq0wRudIweFs7sKT5A=="],

    "@scalar/themes/@scalar/types": ["@scalar/types@0.1.7", "", { "dependencies": { "@scalar/openapi-types": "0.2.0", "@unhead/schema": "^1.11.11", "nanoid": "^5.1.5", "type-fest": "^4.20.0", "zod": "^3.23.8" } }, "sha512-irIDYzTQG2KLvFbuTI8k2Pz/R4JR+zUUSykVTbEMatkzMmVFnn1VzNSMlODbadycwZunbnL2tA27AXed9URVjw=="],

    "elysia/cookie": ["cookie@1.1.1", "", {}, "sha512-ei8Aos7ja0weRpFzJnEA9UHJ/7XQmqglbRwnf2ATjcB9Wq874VKH9kfjjirM6UhU2/E5fFYadylyhFldcqSidQ=="],

    "svix/@types/node": ["@types/node@22.19.1", "", { "dependencies": { "undici-types": "~6.21.0" } }, "sha512-LCCV0HdSZZZb34qifBsyWlUmok6W7ouER+oQIGBScS8EsZsQbrtFTUrDX4hOl+CS6p7cnNC4td+qrSVGSCTUfQ=="],

    "@aws-crypto/sha256-browser/@smithy/util-utf8/@smithy/util-buffer-from": ["@smithy/util-buffer-from@2.2.0", "", { "dependencies": { "@smithy/is-array-buffer": "^2.2.0", "tslib": "^2.6.2" } }, "sha512-IJdWBbTcMQ6DA0gdNhh/BwrLkDR+ADW5Kr1aZmd4k3DIF6ezMV4R2NIAmT08wQJ3yUK82thHWmC/TnK/wpMMIA=="],

    "@aws-crypto/util/@smithy/util-utf8/@smithy/util-buffer-from": ["@smithy/util-buffer-from@2.2.0", "", { "dependencies": { "@smithy/is-array-buffer": "^2.2.0", "tslib": "^2.6.2" } }, "sha512-IJdWBbTcMQ6DA0gdNhh/BwrLkDR+ADW5Kr1aZmd4k3DIF6ezMV4R2NIAmT08wQJ3yUK82thHWmC/TnK/wpMMIA=="],

    "@scalar/themes/@scalar/types/@scalar/openapi-types": ["@scalar/openapi-types@0.2.0", "", { "dependencies": { "zod": "^3.23.8" } }, "sha512-waiKk12cRCqyUCWTOX0K1WEVX46+hVUK+zRPzAahDJ7G0TApvbNkuy5wx7aoUyEk++HHde0XuQnshXnt8jsddA=="],

    "svix/@types/node/undici-types": ["undici-types@6.21.0", "", {}, "sha512-iwDZqg0QAGrg9Rav5H4n0M64c3mkR59cJ6wQp+7C4nI0gsmExaedaYLNO44eT4AtBBwjbTiGPMlt2Md0T9H9JQ=="],

    "@aws-crypto/sha256-browser/@smithy/util-utf8/@smithy/util-buffer-from/@smithy/is-array-buffer": ["@smithy/is-array-buffer@2.2.0", "", { "dependencies": { "tslib": "^2.6.2" } }, "sha512-GGP3O9QFD24uGeAXYUjwSTXARoqpZykHadOmA8G5vfJPK0/DC67qa//0qvqrJzL1xc8WQWX7/yc7fwudjPHPhA=="],

    "@aws-crypto/util/@smithy/util-utf8/@smithy/util-buffer-from/@smithy/is-array-buffer": ["@smithy/is-array-buffer@2.2.0", "", { "dependencies": { "tslib": "^2.6.2" } }, "sha512-GGP3O9QFD24uGeAXYUjwSTXARoqpZykHadOmA8G5vfJPK0/DC67qa//0qvqrJzL1xc8WQWX7/yc7fwudjPHPhA=="],
  }
}
